{
  "lockfileVersion": 1,
  "configVersion": 1,
  "workspaces": {
    "": {
      "name": "unictl",
    },
    "packages/cli": {
      "name": "unictl",
      "version": "0.1.9",
      "bin": {
        "unictl": "./bin.js",
      },
      "dependencies": {
        "citty": "^0.2.1",
      },
    },
  },
  "packages": {
    "citty": ["citty@0.2.1", "", {}, "sha512-kEV95lFBhQgtogAPlQfJJ0WGVSokvLr/UEoFPiKKOXF7pl98HfUVUD0ejsuTCld/9xH9vogSywZ5KqHzXrZpqg=="],

    "unictl": ["unictl@workspace:packages/cli"],
  }
}
